{
    "name": "content-repo",
    "version": "1.0.0",
    "lockfileVersion": 3,
    "requires": true,
    "packages": {
        "": {
            "name": "content-repo",
            "version": "1.0.0",
            "devDependencies": {
                "markdownlint-cli": "^0.29.0"
            }
        },
        "node_modules/argparse": {
            "version": "2.0.1",
            "resolved": "https://registry.npmjs.org/argparse/-/argparse-2.0.1.tgz",
            "integrity": "sha512-8+9WqebbFzpX9OR+Wa6O29asIogeRMzcGtAINdpMHHyAg10f05aSFVBbcEqGf/PXw1EjAZ+q2/bEBg3DvurK3Q==",
            "dev": true,
            "license": "Python-2.0"
        },
        "node_modules/balanced-match": {
            "version": "1.0.2",
            "resolved": "https://registry.npmjs.org/balanced-match/-/balanced-match-1.0.2.tgz",
            "integrity": "sha512-3oSeUO0TMV67hN1AmbXsK4yaqU7tjiHlbxRDZOpH0KW9+CeX4bRAaX0Anxt0tx2MrpRpWwQaPwIlISEJhYU5Pw==",
            "dev": true,
            "license": "MIT"
        },
        "node_modules/brace-expansion": {
            "version": "1.1.11",
            "resolved": "https://registry.npmjs.org/brace-expansion/-/brace-expansion-1.1.11.tgz",
            "integrity": "sha512-iCuPHDFgrHX7H2vEI/5xpz07zSHB00TpugqhmYtVmMO6518mCuRMoOYFldEBl0g187ufozdaHgWKcYFb61qGiA==",
            "dev": true,
            "license": "MIT",
            "dependencies": {
                "balanced-match": "^1.0.0",
                "concat-map": "0.0.1"
            }
        },
        "node_modules/commander": {
            "version": "8.2.0",
            "resolved": "https://registry.npmjs.org/commander/-/commander-8.2.0.tgz",
            "integrity": "sha512-LLKxDvHeL91/8MIyTAD5BFMNtoIwztGPMiM/7Bl8rIPmHCZXRxmSWr91h57dpOpnQ6jIUqEWdXE/uBYMfiVZDA==",
            "dev": true,
            "license": "MIT",
            "engines": {
                "node": ">= 12"
            }
        },
        "node_modules/concat-map": {
            "version": "0.0.1",
            "resolved": "https://registry.npmjs.org/concat-map/-/concat-map-0.0.1.tgz",
            "integrity": "sha512-/Srv4dswyQNBfohGpz9o6Yb3Gz3SrUDqBH5rTuhGR7ahtlbYKnVxw2bCFMRljaA7EXHaXZ8wsHdodFvbkhKmqg==",
            "dev": true,
            "license": "MIT"
        },
        "node_modules/deep-extend": {
            "version": "0.6.0",
            "resolved": "https://registry.npmjs.org/deep-extend/-/deep-extend-0.6.0.tgz",
            "integrity": "sha512-LOHxIOaPYdHlJRtCQfDIVZtfw/ufM8+rVj649RIHzcm/vGwQRXFt6OPqIFWsm2XEMrNIEtWR64sY1LEKD2vAOA==",
            "dev": true,
            "license": "MIT",
            "engines": {
                "node": ">=4.0.0"
            }
        },
        "node_modules/entities": {
            "version": "2.1.0",
            "resolved": "https://registry.npmjs.org/entities/-/entities-2.1.0.tgz",
            "integrity": "sha512-hCx1oky9PFrJ611mf0ifBLBRW8lUUVRlFolb5gWRfIELabBlbp9xZvrqZLZAs+NxFnbfQoeGd8wDkygjg7U85w==",
            "dev": true,
            "license": "BSD-2-Clause",
            "funding": {
                "url": "https://github.com/fb55/entities?sponsor=1"
            }
        },
        "node_modules/fs.realpath": {
            "version": "1.0.0",
            "resolved": "https://registry.npmjs.org/fs.realpath/-/fs.realpath-1.0.0.tgz",
            "integrity": "sha512-OO0pH2lK6a0hZnAdau5ItzHPI6pUlvI7jMVnxUQRtw4owF2wk8lOSabtGDCTP4Ggrg2MbGnWO9X8K1t4+fGMDw==",
            "dev": true,
            "license": "ISC"
        },
        "node_modules/get-stdin": {
            "version": "8.0.0",
            "resolved": "https://registry.npmjs.org/get-stdin/-/get-stdin-8.0.0.tgz",
            "integrity": "sha512-sY22aA6xchAzprjyqmSEQv4UbAAzRN0L2dQB0NlN5acTTK9Don6nhoc3eAbUnpZiCANAMfd/+40kVdKfFygohg==",
            "dev": true,
            "license": "MIT",
            "engines": {
                "node": ">=10"
            },
            "funding": {
                "url": "https://github.com/sponsors/sindresorhus"
            }
        },
        "node_modules/glob": {
            "version": "7.2.3",
            "resolved": "https://registry.npmjs.org/glob/-/glob-7.2.3.tgz",
            "integrity": "sha512-nFR0zLpU2YCaRxwoCJvL6UvCH2JFyFVIvwTLsIf21AuHlMskA1hhTdk+LlYJtOlYt9v6dvszD2BGRqBL+iQK9Q==",
            "deprecated": "Glob versions prior to v9 are no longer supported",
            "dev": true,
            "license": "ISC",
            "dependencies": {
                "fs.realpath": "^1.0.0",
                "inflight": "^1.0.4",
                "inherits": "2",
                "minimatch": "^3.1.1",
                "once": "^1.3.0",
                "path-is-absolute": "^1.0.0"
            },
            "engines": {
                "node": "*"
            },
            "funding": {
                "url": "https://github.com/sponsors/isaacs"
            }
        },
        "node_modules/glob/node_modules/minimatch": {
            "version": "3.1.2",
            "resolved": "https://registry.npmjs.org/minimatch/-/minimatch-3.1.2.tgz",
            "integrity": "sha512-J7p63hRiAjw1NDEww1W7i37+ByIrOWO5XQQAzZ3VOcL0PNybwpfmV/N05zFAzwQ9USyEcX6t3UO+K5aqBQOIHw==",
            "dev": true,
            "license": "ISC",
            "dependencies": {
                "brace-expansion": "^1.1.7"
            },
            "engines": {
                "node": "*"
            }
        },
        "node_modules/ignore": {
            "version": "5.1.9",
            "resolved": "https://registry.npmjs.org/ignore/-/ignore-5.1.9.tgz",
            "integrity": "sha512-2zeMQpbKz5dhZ9IwL0gbxSW5w0NK/MSAMtNuhgIHEPmaU3vPdKPL0UdvUCXs5SS4JAwsBxysK5sFMW8ocFiVjQ==",
            "dev": true,
            "license": "MIT",
            "engines": {
                "node": ">= 4"
            }
        },
        "node_modules/inflight": {
            "version": "1.0.6",
            "resolved": "https://registry.npmjs.org/inflight/-/inflight-1.0.6.tgz",
            "integrity": "sha512-k92I/b08q4wvFscXCLvqfsHCrjrF7yiXsQuIVvVE7N82W3+aqpzuUdBbfhWcy/FZR3/4IgflMgKLOsvPDrGCJA==",
            "deprecated": "This module is not supported, and leaks memory. Do not use it. Check out lru-cache if you want a good and tested way to coalesce async requests by a key value, which is much more comprehensive and powerful.",
            "dev": true,
            "license": "ISC",
            "dependencies": {
                "once": "^1.3.0",
                "wrappy": "1"
            }
        },
        "node_modules/inherits": {
            "version": "2.0.4",
            "resolved": "https://registry.npmjs.org/inherits/-/inherits-2.0.4.tgz",
            "integrity": "sha512-k/vGaX4/Yla3WzyMCvTQOXYeIHvqOKtnqBduzTHpzpQZzAskKMhZ2K+EnBiSM9zGSoIFeMpXKxa4dYeZIQqewQ==",
            "dev": true,
            "license": "ISC"
        },
        "node_modules/ini": {
            "version": "3.0.1",
            "resolved": "https://registry.npmjs.org/ini/-/ini-3.0.1.tgz",
            "integrity": "sha512-it4HyVAUTKBc6m8e1iXWvXSTdndF7HbdN713+kvLrymxTaU4AUBWrJ4vEooP+V7fexnVD3LKcBshjGGPefSMUQ==",
            "dev": true,
            "license": "ISC",
            "engines": {
                "node": "^12.13.0 || ^14.15.0 || >=16.0.0"
            }
        },
        "node_modules/js-yaml": {
            "version": "4.1.0",
            "resolved": "https://registry.npmjs.org/js-yaml/-/js-yaml-4.1.0.tgz",
            "integrity": "sha512-wpxZs9NoxZaJESJGIZTyDEaYpl0FKSA+FB9aJiyemKhMwkxQg63h4T1KJgUGHpTqPDNRcmmYLugrRjJlBtWvRA==",
            "dev": true,
            "license": "MIT",
            "dependencies": {
                "argparse": "^2.0.1"
            },
            "bin": {
                "js-yaml": "bin/js-yaml.js"
            }
        },
        "node_modules/jsonc-parser": {
            "version": "3.0.0",
            "resolved": "https://registry.npmjs.org/jsonc-parser/-/jsonc-parser-3.0.0.tgz",
            "integrity": "sha512-fQzRfAbIBnR0IQvftw9FJveWiHp72Fg20giDrHz6TdfB12UH/uue0D3hm57UB5KgAVuniLMCaS8P1IMj9NR7cA==",
            "dev": true,
            "license": "MIT"
        },
        "node_modules/linkify-it": {
            "version": "3.0.3",
            "resolved": "https://registry.npmjs.org/linkify-it/-/linkify-it-3.0.3.tgz",
            "integrity": "sha512-ynTsyrFSdE5oZ/O9GEf00kPngmOfVwazR5GKDq6EYfhlpFug3J2zybX56a2PRRpc9P+FuSoGNAwjlbDs9jJBPQ==",
            "dev": true,
            "license": "MIT",
            "dependencies": {
                "uc.micro": "^1.0.1"
            }
        },
        "node_modules/lodash.differencewith": {
            "version": "4.5.0",
            "resolved": "https://registry.npmjs.org/lodash.differencewith/-/lodash.differencewith-4.5.0.tgz",
            "integrity": "sha512-/8JFjydAS+4bQuo3CpLMBv7WxGFyk7/etOAsrQUCu0a9QVDemxv0YQ0rFyeZvqlUD314SERfNlgnlqqHmaQ0Cg==",
            "dev": true,
            "license": "MIT"
        },
        "node_modules/lodash.flatten": {
            "version": "4.4.0",
            "resolved": "https://registry.npmjs.org/lodash.flatten/-/lodash.flatten-4.4.0.tgz",
            "integrity": "sha512-C5N2Z3DgnnKr0LOpv/hKCgKdb7ZZwafIrsesve6lmzvZIRZRGaZ/l6Q8+2W7NaT+ZwO3fFlSCzCzrDCFdJfZ4g==",
            "dev": true,
            "license": "MIT"
        },
        "node_modules/markdown-it": {
            "version": "12.2.0",
            "resolved": "https://registry.npmjs.org/markdown-it/-/markdown-it-12.2.0.tgz",
            "integrity": "sha512-Wjws+uCrVQRqOoJvze4HCqkKl1AsSh95iFAeQDwnyfxM09divCBSXlDR1uTvyUP3Grzpn4Ru8GeCxYPM8vkCQg==",
            "dev": true,
            "license": "MIT",
            "dependencies": {
                "argparse": "^2.0.1",
                "entities": "~2.1.0",
                "linkify-it": "^3.0.1",
                "mdurl": "^1.0.1",
                "uc.micro": "^1.0.5"
            },
            "bin": {
                "markdown-it": "bin/markdown-it.js"
            }
        },
        "node_modules/markdownlint": {
            "version": "0.24.0",
            "resolved": "https://registry.npmjs.org/markdownlint/-/markdownlint-0.24.0.tgz",
            "integrity": "sha512-OJIGsGFV/rC9irI5E1FMy6v9hdACSwaa+EN3224Y5KG8zj2EYzdHOw0pOJovIYmjNfEZ9BtxUY4P7uYHTSNnbQ==",
            "dev": true,
            "license": "MIT",
            "dependencies": {
                "markdown-it": "12.2.0"
            },
            "engines": {
                "node": ">=10"
            }
        },
        "node_modules/markdownlint-cli": {
            "version": "0.29.0",
            "resolved": "https://registry.npmjs.org/markdownlint-cli/-/markdownlint-cli-0.29.0.tgz",
            "integrity": "sha512-SEXRUT1ri9sXV8xQK88vjGAgmz2X9rxEG2tXdDZMljzW8e++LNTO9zzBBStx3JQWrTDoGTPHNrcurbuiyF97gw==",
            "dev": true,
            "license": "MIT",
            "dependencies": {
                "commander": "~8.2.0",
                "deep-extend": "~0.6.0",
                "get-stdin": "~8.0.0",
                "glob": "~7.2.0",
                "ignore": "~5.1.8",
                "js-yaml": "^4.1.0",
                "jsonc-parser": "~3.0.0",
                "lodash.differencewith": "~4.5.0",
                "lodash.flatten": "~4.4.0",
                "markdownlint": "~0.24.0",
                "markdownlint-rule-helpers": "~0.15.0",
                "minimatch": "~3.0.4",
                "minimist": "~1.2.5",
                "run-con": "~1.2.10"
            },
            "bin": {
                "markdownlint": "markdownlint.js"
            },
            "engines": {
                "node": ">=12"
            }
        },
        "node_modules/markdownlint-rule-helpers": {
            "version": "0.15.0",
            "resolved": "https://registry.npmjs.org/markdownlint-rule-helpers/-/markdownlint-rule-helpers-0.15.0.tgz",
            "integrity": "sha512-A+9mswc3m/kkqpJCqntmte/1VKhDJ+tjZsERLz5L4h/Qr7ht2/BkGkgY5E7/wsxIhcpl+ctIfz+oS3PQrMOB2w==",
            "dev": true,
            "license": "MIT"
        },
        "node_modules/mdurl": {
            "version": "1.0.1",
            "resolved": "https://registry.npmjs.org/mdurl/-/mdurl-1.0.1.tgz",
            "integrity": "sha512-/sKlQJCBYVY9Ers9hqzKou4H6V5UWc/M59TH2dvkt+84itfnq7uFOMLpOiOS4ujvHP4etln18fmIxA5R5fll0g==",
            "dev": true,
            "license": "MIT"
        },
        "node_modules/minimatch": {
            "version": "3.0.8",
            "resolved": "https://registry.npmjs.org/minimatch/-/minimatch-3.0.8.tgz",
            "integrity": "sha512-6FsRAQsxQ61mw+qP1ZzbL9Bc78x2p5OqNgNpnoAFLTrX8n5Kxph0CsnhmKKNXTWjXqU5L0pGPR7hYk+XWZr60Q==",
            "dev": true,
            "license": "ISC",
            "dependencies": {
                "brace-expansion": "^1.1.7"
            },
            "engines": {
                "node": "*"
            }
        },
        "node_modules/minimist": {
            "version": "1.2.8",
            "resolved": "https://registry.npmjs.org/minimist/-/minimist-1.2.8.tgz",
            "integrity": "sha512-2yyAR8qBkN3YuheJanUpWC5U3bb5osDywNB8RzDVlDwDHbocAJveqqj1u8+SVD7jkWT4yvsHCpWqqWqAxb0zCA==",
            "dev": true,
            "license": "MIT",
            "funding": {
                "url": "https://github.com/sponsors/ljharb"
            }
        },
        "node_modules/once": {
            "version": "1.4.0",
            "resolved": "https://registry.npmjs.org/once/-/once-1.4.0.tgz",
            "integrity": "sha512-lNaJgI+2Q5URQBkccEKHTQOPaXdUxnZZElQTZY0MFUAuaEqe1E+Nyvgdz/aIyNi6Z9MzO5dv1H8n58/GELp3+w==",
            "dev": true,
            "license": "ISC",
            "dependencies": {
                "wrappy": "1"
            }
        },
        "node_modules/path-is-absolute": {
            "version": "1.0.1",
            "resolved": "https://registry.npmjs.org/path-is-absolute/-/path-is-absolute-1.0.1.tgz",
            "integrity": "sha512-AVbw3UJ2e9bq64vSaS9Am0fje1Pa8pbGqTTsmXfaIiMpnr5DlDhfJOuLj9Sf95ZPVDAUerDfEk88MPmPe7UCQg==",
            "dev": true,
            "license": "MIT",
            "engines": {
                "node": ">=0.10.0"
            }
        },
        "node_modules/run-con": {
            "version": "1.2.12",
            "resolved": "https://registry.npmjs.org/run-con/-/run-con-1.2.12.tgz",
            "integrity": "sha512-5257ILMYIF4RztL9uoZ7V9Q97zHtNHn5bN3NobeAnzB1P3ASLgg8qocM2u+R18ttp+VEM78N2LK8XcNVtnSRrg==",
            "dev": true,
            "license": "(BSD-2-Clause OR MIT OR Apache-2.0)",
            "dependencies": {
                "deep-extend": "^0.6.0",
                "ini": "~3.0.0",
                "minimist": "^1.2.8",
                "strip-json-comments": "~3.1.1"
            },
            "bin": {
                "run-con": "cli.js"
            }
        },
        "node_modules/strip-json-comments": {
            "version": "3.1.1",
            "resolved": "https://registry.npmjs.org/strip-json-comments/-/strip-json-comments-3.1.1.tgz",
            "integrity": "sha512-6fPc+R4ihwqP6N/aIv2f1gMH8lOVtWQHoqC4yK6oSDVVocumAsfCqjkXnqiYMhmMwS/mEHLp7Vehlt3ql6lEig==",
            "dev": true,
            "license": "MIT",
            "engines": {
                "node": ">=8"
            },
            "funding": {
                "url": "https://github.com/sponsors/sindresorhus"
            }
        },
        "node_modules/uc.micro": {
            "version": "1.0.6",
            "resolved": "https://registry.npmjs.org/uc.micro/-/uc.micro-1.0.6.tgz",
            "integrity": "sha512-8Y75pvTYkLJW2hWQHXxoqRgV7qb9B+9vFEtidML+7koHUFapnVJAZ6cKs+Qjz5Aw3aZWHMC6u0wJE3At+nSGwA==",
            "dev": true,
            "license": "MIT"
        },
        "node_modules/wrappy": {
            "version": "1.0.2",
            "resolved": "https://registry.npmjs.org/wrappy/-/wrappy-1.0.2.tgz",
            "integrity": "sha512-l4Sp/DRseor9wL6EvV2+TuQn63dMkPjZ/sp9XkghTEbV9KlPS1xUsZ3u7/IQO4wxtcFB4bgpQPRcR3QCvezPcQ==",
            "dev": true,
            "license": "ISC"
        }
    }
}
